
Microsoft Visual Studio Solution File, Format Version 12.00
# Visual Studio Version 17
VisualStudioVersion = 17.8.34330.188
MinimumVisualStudioVersion = 10.0.40219.1
Project("{FAE04EC0-301F-11D3-BF4B-00C04F79EFBC}") = "ImmerseDnD.Back", "ImmerseDnD.Back\ImmerseDnD.Back.csproj", "{00AA2C10-ABBC-4471-B3EB-C3948C23F2CF}"
EndProject
Global
	GlobalSection(SolutionConfigurationPlatforms) = preSolution
		Debug|Any CPU = Debug|Any CPU
		Release|Any CPU = Release|Any CPU
	EndGlobalSection
	GlobalSection(ProjectConfigurationPlatforms) = postSolution
		{00AA2C10-ABBC-4471-B3EB-C3948C23F2CF}.Debug|Any CPU.ActiveCfg = Debug|Any CPU
		{00AA2C10-ABBC-4471-B3EB-C3948C23F2CF}.Debug|Any CPU.Build.0 = Debug|Any CPU
		{00AA2C10-ABBC-4471-B3EB-C3948C23F2CF}.Release|Any CPU.ActiveCfg = Release|Any CPU
		{00AA2C10-ABBC-4471-B3EB-C3948C23F2CF}.Release|Any CPU.Build.0 = Release|Any CPU
	EndGlobalSection
	GlobalSection(SolutionProperties) = preSolution
		HideSolutionNode = FALSE
	EndGlobalSection
	GlobalSection(ExtensibilityGlobals) = postSolution
		SolutionGuid = {B51E02FA-A468-4234-9E5F-1180948D6736}
	EndGlobalSection
EndGlobal
